
Microsoft Visual Studio Solution File, Format Version 12.00
# Visual Studio Version 17
VisualStudioVersion = 17.5.002.0
MinimumVisualStudioVersion = 10.0.40219.1
Project("{9A19103F-16F7-4668-BE54-9A1E7A4F7556}") = "backend", "backend\backend.csproj", "{F9EC1E60-C411-4979-BADC-6B8401BB9ECF}"
EndProject
Global
	GlobalSection(SolutionConfigurationPlatforms) = preSolution
		Debug|Any CPU = Debug|Any CPU
		Release|Any CPU = Release|Any CPU
	EndGlobalSection
	GlobalSection(ProjectConfigurationPlatforms) = postSolution
		{F9EC1E60-C411-4979-BADC-6B8401BB9ECF}.Debug|Any CPU.ActiveCfg = Debug|Any CPU
		{F9EC1E60-C411-4979-BADC-6B8401BB9ECF}.Debug|Any CPU.Build.0 = Debug|Any CPU
		{F9EC1E60-C411-4979-BADC-6B8401BB9ECF}.Release|Any CPU.ActiveCfg = Release|Any CPU
		{F9EC1E60-C411-4979-BADC-6B8401BB9ECF}.Release|Any CPU.Build.0 = Release|Any CPU
	EndGlobalSection
	GlobalSection(SolutionProperties) = preSolution
		HideSolutionNode = FALSE
	EndGlobalSection
	GlobalSection(ExtensibilityGlobals) = postSolution
		SolutionGuid = {5359A928-74F5-40C1-97EC-1AEE06B76198}
	EndGlobalSection
EndGlobal
